
Microsoft Visual Studio Solution File, Format Version 12.00
# Visual Studio Version 17
VisualStudioVersion = 17.10.34928.147
MinimumVisualStudioVersion = 10.0.40219.1
Project("{2150E333-8FDC-42A3-9474-1A3956D46DE8}") = "src", "src", "{1FB69645-F2E9-4BA0-BD10-758A56E5CA0B}"
EndProject
Project("{2150E333-8FDC-42A3-9474-1A3956D46DE8}") = "test", "test", "{B25F155E-417E-4B40-AD55-F1D910A39A4B}"
EndProject
Project("{2150E333-8FDC-42A3-9474-1A3956D46DE8}") = "UI", "UI", "{F02B7C2A-3186-4875-95D6-EA80C0A68150}"
EndProject
Project("{2150E333-8FDC-42A3-9474-1A3956D46DE8}") = "Core", "Core", "{A1902910-6555-4ACE-8C7F-D3814D351CFE}"
EndProject
Project("{2150E333-8FDC-42A3-9474-1A3956D46DE8}") = "API", "API", "{A508147C-87DC-4899-A4B1-03896858ABB5}"
EndProject
Project("{2150E333-8FDC-42A3-9474-1A3956D46DE8}") = "Infrastructure", "Infrastructure", "{8B2016A1-6C64-4548-B03A-DA856B13485E}"
EndProject
Project("{9A19103F-16F7-4668-BE54-9A1E7A4F7556}") = "Domain", "Domain\Domain.csproj", "{C6A9D036-69D1-4F07-BCB2-D8BF25905DA2}"
EndProject
Project("{9A19103F-16F7-4668-BE54-9A1E7A4F7556}") = "Application", "Application\Application.csproj", "{4B6A6B15-FBA2-41A0-9D41-3D209FFED87A}"
EndProject
Project("{9A19103F-16F7-4668-BE54-9A1E7A4F7556}") = "Persistence", "Persistence\Persistence.csproj", "{83CFC8B3-B6A6-4370-A4D1-8737E0BE36AD}"
EndProject
Project("{9A19103F-16F7-4668-BE54-9A1E7A4F7556}") = "Infrastructure", "Infrastructure\Infrastructure.csproj", "{A1DB1A1F-5950-40EF-9CB7-A76AEC7B835C}"
EndProject
Project("{9A19103F-16F7-4668-BE54-9A1E7A4F7556}") = "Api", "Api\Api.csproj", "{2E55C191-72D6-45B4-90A2-F1F5E2C1F917}"
EndProject
Project("{9A19103F-16F7-4668-BE54-9A1E7A4F7556}") = "UnitTests", "UnitTests\UnitTests.csproj", "{35C66ACA-3F36-4EFF-BA3B-DBCD19BCFEA6}"
EndProject
Project("{9A19103F-16F7-4668-BE54-9A1E7A4F7556}") = "IntegrationTest", "IntegrationTest\IntegrationTest.csproj", "{04553F5A-63FF-49DC-8E15-2B09825E14C6}"
EndProject
Project("{9A19103F-16F7-4668-BE54-9A1E7A4F7556}") = "Hr.LeaveManagement.BlazorUI", "Hr.LeaveManagement.BlazorUI\Hr.LeaveManagement.BlazorUI\Hr.LeaveManagement.BlazorUI.csproj", "{16B3BE36-9667-475D-A081-722CA668CCF4}"
EndProject
Project("{FAE04EC0-301F-11D3-BF4B-00C04F79EFBC}") = "Identity", "Identity\Identity.csproj", "{089F609E-CC6E-478C-942F-5988BC9F6352}"
EndProject
Global
	GlobalSection(SolutionConfigurationPlatforms) = preSolution
		Debug|Any CPU = Debug|Any CPU
		Release|Any CPU = Release|Any CPU
	EndGlobalSection
	GlobalSection(ProjectConfigurationPlatforms) = postSolution
		{C6A9D036-69D1-4F07-BCB2-D8BF25905DA2}.Debug|Any CPU.ActiveCfg = Debug|Any CPU
		{C6A9D036-69D1-4F07-BCB2-D8BF25905DA2}.Debug|Any CPU.Build.0 = Debug|Any CPU
		{C6A9D036-69D1-4F07-BCB2-D8BF25905DA2}.Release|Any CPU.ActiveCfg = Release|Any CPU
		{C6A9D036-69D1-4F07-BCB2-D8BF25905DA2}.Release|Any CPU.Build.0 = Release|Any CPU
		{4B6A6B15-FBA2-41A0-9D41-3D209FFED87A}.Debug|Any CPU.ActiveCfg = Debug|Any CPU
		{4B6A6B15-FBA2-41A0-9D41-3D209FFED87A}.Debug|Any CPU.Build.0 = Debug|Any CPU
		{4B6A6B15-FBA2-41A0-9D41-3D209FFED87A}.Release|Any CPU.ActiveCfg = Release|Any CPU
		{4B6A6B15-FBA2-41A0-9D41-3D209FFED87A}.Release|Any CPU.Build.0 = Release|Any CPU
		{83CFC8B3-B6A6-4370-A4D1-8737E0BE36AD}.Debug|Any CPU.ActiveCfg = Debug|Any CPU
		{83CFC8B3-B6A6-4370-A4D1-8737E0BE36AD}.Debug|Any CPU.Build.0 = Debug|Any CPU
		{83CFC8B3-B6A6-4370-A4D1-8737E0BE36AD}.Release|Any CPU.ActiveCfg = Release|Any CPU
		{83CFC8B3-B6A6-4370-A4D1-8737E0BE36AD}.Release|Any CPU.Build.0 = Release|Any CPU
		{A1DB1A1F-5950-40EF-9CB7-A76AEC7B835C}.Debug|Any CPU.ActiveCfg = Debug|Any CPU
		{A1DB1A1F-5950-40EF-9CB7-A76AEC7B835C}.Debug|Any CPU.Build.0 = Debug|Any CPU
		{A1DB1A1F-5950-40EF-9CB7-A76AEC7B835C}.Release|Any CPU.ActiveCfg = Release|Any CPU
		{A1DB1A1F-5950-40EF-9CB7-A76AEC7B835C}.Release|Any CPU.Build.0 = Release|Any CPU
		{2E55C191-72D6-45B4-90A2-F1F5E2C1F917}.Debug|Any CPU.ActiveCfg = Debug|Any CPU
		{2E55C191-72D6-45B4-90A2-F1F5E2C1F917}.Debug|Any CPU.Build.0 = Debug|Any CPU
		{2E55C191-72D6-45B4-90A2-F1F5E2C1F917}.Release|Any CPU.ActiveCfg = Release|Any CPU
		{2E55C191-72D6-45B4-90A2-F1F5E2C1F917}.Release|Any CPU.Build.0 = Release|Any CPU
		{35C66ACA-3F36-4EFF-BA3B-DBCD19BCFEA6}.Debug|Any CPU.ActiveCfg = Debug|Any CPU
		{35C66ACA-3F36-4EFF-BA3B-DBCD19BCFEA6}.Debug|Any CPU.Build.0 = Debug|Any CPU
		{35C66ACA-3F36-4EFF-BA3B-DBCD19BCFEA6}.Release|Any CPU.ActiveCfg = Release|Any CPU
		{35C66ACA-3F36-4EFF-BA3B-DBCD19BCFEA6}.Release|Any CPU.Build.0 = Release|Any CPU
		{04553F5A-63FF-49DC-8E15-2B09825E14C6}.Debug|Any CPU.ActiveCfg = Debug|Any CPU
		{04553F5A-63FF-49DC-8E15-2B09825E14C6}.Debug|Any CPU.Build.0 = Debug|Any CPU
		{04553F5A-63FF-49DC-8E15-2B09825E14C6}.Release|Any CPU.ActiveCfg = Release|Any CPU
		{04553F5A-63FF-49DC-8E15-2B09825E14C6}.Release|Any CPU.Build.0 = Release|Any CPU
		{16B3BE36-9667-475D-A081-722CA668CCF4}.Debug|Any CPU.ActiveCfg = Debug|Any CPU
		{16B3BE36-9667-475D-A081-722CA668CCF4}.Debug|Any CPU.Build.0 = Debug|Any CPU
		{16B3BE36-9667-475D-A081-722CA668CCF4}.Release|Any CPU.ActiveCfg = Release|Any CPU
		{16B3BE36-9667-475D-A081-722CA668CCF4}.Release|Any CPU.Build.0 = Release|Any CPU
		{089F609E-CC6E-478C-942F-5988BC9F6352}.Debug|Any CPU.ActiveCfg = Debug|Any CPU
		{089F609E-CC6E-478C-942F-5988BC9F6352}.Debug|Any CPU.Build.0 = Debug|Any CPU
		{089F609E-CC6E-478C-942F-5988BC9F6352}.Release|Any CPU.ActiveCfg = Release|Any CPU
		{089F609E-CC6E-478C-942F-5988BC9F6352}.Release|Any CPU.Build.0 = Release|Any CPU
	EndGlobalSection
	GlobalSection(SolutionProperties) = preSolution
		HideSolutionNode = FALSE
	EndGlobalSection
	GlobalSection(NestedProjects) = preSolution
		{F02B7C2A-3186-4875-95D6-EA80C0A68150} = {1FB69645-F2E9-4BA0-BD10-758A56E5CA0B}
		{A1902910-6555-4ACE-8C7F-D3814D351CFE} = {1FB69645-F2E9-4BA0-BD10-758A56E5CA0B}
		{A508147C-87DC-4899-A4B1-03896858ABB5} = {1FB69645-F2E9-4BA0-BD10-758A56E5CA0B}
		{8B2016A1-6C64-4548-B03A-DA856B13485E} = {1FB69645-F2E9-4BA0-BD10-758A56E5CA0B}
		{C6A9D036-69D1-4F07-BCB2-D8BF25905DA2} = {A1902910-6555-4ACE-8C7F-D3814D351CFE}
		{4B6A6B15-FBA2-41A0-9D41-3D209FFED87A} = {A1902910-6555-4ACE-8C7F-D3814D351CFE}
		{83CFC8B3-B6A6-4370-A4D1-8737E0BE36AD} = {8B2016A1-6C64-4548-B03A-DA856B13485E}
		{A1DB1A1F-5950-40EF-9CB7-A76AEC7B835C} = {8B2016A1-6C64-4548-B03A-DA856B13485E}
		{2E55C191-72D6-45B4-90A2-F1F5E2C1F917} = {A508147C-87DC-4899-A4B1-03896858ABB5}
		{35C66ACA-3F36-4EFF-BA3B-DBCD19BCFEA6} = {B25F155E-417E-4B40-AD55-F1D910A39A4B}
		{04553F5A-63FF-49DC-8E15-2B09825E14C6} = {B25F155E-417E-4B40-AD55-F1D910A39A4B}
		{16B3BE36-9667-475D-A081-722CA668CCF4} = {F02B7C2A-3186-4875-95D6-EA80C0A68150}
		{089F609E-CC6E-478C-942F-5988BC9F6352} = {8B2016A1-6C64-4548-B03A-DA856B13485E}
	EndGlobalSection
	GlobalSection(ExtensibilityGlobals) = postSolution
		SolutionGuid = {83FEF33A-2EFF-4047-AD20-1824D3A10415}
	EndGlobalSection
EndGlobal
